// !$*UTF8*$!
{
	archiveVersion = 1;
	classes = {
	};
	objectVersion = 48;
	objects = {

/* Begin PBXBuildFile section */
		383E6101996B3A458A809973 /* Pods_SnapshotTests.framework in Frameworks */ = {isa = PBXBuildFile; fileRef = 1587A1EAA74F85BD68FAC41E /* Pods_SnapshotTests.framework */; };
		432501C220641168009317A4 /* AppDelegate.swift in Sources */ = {isa = PBXBuildFile; fileRef = 432501C120641168009317A4 /* AppDelegate.swift */; };
		432501C420641168009317A4 /* ViewController.swift in Sources */ = {isa = PBXBuildFile; fileRef = 432501C320641168009317A4 /* ViewController.swift */; };
		432501C720641168009317A4 /* Main.storyboard in Resources */ = {isa = PBXBuildFile; fileRef = 432501C520641168009317A4 /* Main.storyboard */; };
		432501C920641168009317A4 /* Assets.xcassets in Resources */ = {isa = PBXBuildFile; fileRef = 432501C820641168009317A4 /* Assets.xcassets */; };
		432501CC20641168009317A4 /* LaunchScreen.storyboard in Resources */ = {isa = PBXBuildFile; fileRef = 432501CA20641168009317A4 /* LaunchScreen.storyboard */; };
		432501D720641168009317A4 /* SnapshotTests.swift in Sources */ = {isa = PBXBuildFile; fileRef = 432501D620641168009317A4 /* SnapshotTests.swift */; };
		432501F2206412F1009317A4 /* UITests.swift in Sources */ = {isa = PBXBuildFile; fileRef = 432501E120641168009317A4 /* UITests.swift */; };
		EC79A1B2E82AA94204444D28 /* Pods_UITestingExample.framework in Frameworks */ = {isa = PBXBuildFile; fileRef = 6D3116EA892C8551618526AC /* Pods_UITestingExample.framework */; };
/* End PBXBuildFile section */

/* Begin PBXContainerItemProxy section */
		432501D320641168009317A4 /* PBXContainerItemProxy */ = {
			isa = PBXContainerItemProxy;
			containerPortal = 432501B620641168009317A4 /* Project object */;
			proxyType = 1;
			remoteGlobalIDString = 432501BD20641168009317A4;
			remoteInfo = UITestingExample;
		};
		432501DE20641168009317A4 /* PBXContainerItemProxy */ = {
			isa = PBXContainerItemProxy;
			containerPortal = 432501B620641168009317A4 /* Project object */;
			proxyType = 1;
			remoteGlobalIDString = 432501BD20641168009317A4;
			remoteInfo = UITestingExample;
		};
/* End PBXContainerItemProxy section */

/* Begin PBXFileReference section */
		1587A1EAA74F85BD68FAC41E /* Pods_SnapshotTests.framework */ = {isa = PBXFileReference; explicitFileType = wrapper.framework; includeInIndex = 0; path = Pods_SnapshotTests.framework; sourceTree = BUILT_PRODUCTS_DIR; };
		17A8A2BEE0279B0913930C32 /* Pods-UITestingExample.release.xcconfig */ = {isa = PBXFileReference; includeInIndex = 1; lastKnownFileType = text.xcconfig; name = "Pods-UITestingExample.release.xcconfig"; path = "Pods/Target Support Files/Pods-UITestingExample/Pods-UITestingExample.release.xcconfig"; sourceTree = "<group>"; };
		32263741BFE5D1A88336287C /* Pods-SnapshotTests.debug.xcconfig */ = {isa = PBXFileReference; includeInIndex = 1; lastKnownFileType = text.xcconfig; name = "Pods-SnapshotTests.debug.xcconfig"; path = "Pods/Target Support Files/Pods-SnapshotTests/Pods-SnapshotTests.debug.xcconfig"; sourceTree = "<group>"; };
		3399BF82EB765498A08CA5CE /* Pods-UITestingExample.debug.xcconfig */ = {isa = PBXFileReference; includeInIndex = 1; lastKnownFileType = text.xcconfig; name = "Pods-UITestingExample.debug.xcconfig"; path = "Pods/Target Support Files/Pods-UITestingExample/Pods-UITestingExample.debug.xcconfig"; sourceTree = "<group>"; };
		432501BE20641168009317A4 /* UITestingExample.app */ = {isa = PBXFileReference; explicitFileType = wrapper.application; includeInIndex = 0; path = UITestingExample.app; sourceTree = BUILT_PRODUCTS_DIR; };
		432501C120641168009317A4 /* AppDelegate.swift */ = {isa = PBXFileReference; lastKnownFileType = sourcecode.swift; path = AppDelegate.swift; sourceTree = "<group>"; };
		432501C320641168009317A4 /* ViewController.swift */ = {isa = PBXFileReference; lastKnownFileType = sourcecode.swift; path = ViewController.swift; sourceTree = "<group>"; };
		432501C620641168009317A4 /* Base */ = {isa = PBXFileReference; lastKnownFileType = file.storyboard; name = Base; path = Base.lproj/Main.storyboard; sourceTree = "<group>"; };
		432501C820641168009317A4 /* Assets.xcassets */ = {isa = PBXFileReference; lastKnownFileType = folder.assetcatalog; path = Assets.xcassets; sourceTree = "<group>"; };
		432501CB20641168009317A4 /* Base */ = {isa = PBXFileReference; lastKnownFileType = file.storyboard; name = Base; path = Base.lproj/LaunchScreen.storyboard; sourceTree = "<group>"; };
		432501CD20641168009317A4 /* Info.plist */ = {isa = PBXFileReference; lastKnownFileType = text.plist.xml; path = Info.plist; sourceTree = "<group>"; };
		432501D220641168009317A4 /* SnapshotTests.xctest */ = {isa = PBXFileReference; explicitFileType = wrapper.cfbundle; includeInIndex = 0; path = SnapshotTests.xctest; sourceTree = BUILT_PRODUCTS_DIR; };
		432501D620641168009317A4 /* SnapshotTests.swift */ = {isa = PBXFileReference; lastKnownFileType = sourcecode.swift; path = SnapshotTests.swift; sourceTree = "<group>"; };
		432501DD20641168009317A4 /* UITesting.xctest */ = {isa = PBXFileReference; explicitFileType = wrapper.cfbundle; includeInIndex = 0; path = UITesting.xctest; sourceTree = BUILT_PRODUCTS_DIR; };
		432501E120641168009317A4 /* UITests.swift */ = {isa = PBXFileReference; lastKnownFileType = sourcecode.swift; path = UITests.swift; sourceTree = "<group>"; };
		6D3116EA892C8551618526AC /* Pods_UITestingExample.framework */ = {isa = PBXFileReference; explicitFileType = wrapper.framework; includeInIndex = 0; path = Pods_UITestingExample.framework; sourceTree = BUILT_PRODUCTS_DIR; };
		7CB93F3522C80CA324F244CD /* Pods-SnapshotTests.release.xcconfig */ = {isa = PBXFileReference; includeInIndex = 1; lastKnownFileType = text.xcconfig; name = "Pods-SnapshotTests.release.xcconfig"; path = "Pods/Target Support Files/Pods-SnapshotTests/Pods-SnapshotTests.release.xcconfig"; sourceTree = "<group>"; };
/* End PBXFileReference section */

/* Begin PBXFrameworksBuildPhase section */
		432501BB20641168009317A4 /* Frameworks */ = {
			isa = PBXFrameworksBuildPhase;
			buildActionMask = 2147483647;
			files = (
				EC79A1B2E82AA94204444D28 /* Pods_UITestingExample.framework in Frameworks */,
			);
			runOnlyForDeploymentPostprocessing = 0;
		};
		432501CF20641168009317A4 /* Frameworks */ = {
			isa = PBXFrameworksBuildPhase;
			buildActionMask = 2147483647;
			files = (
				383E6101996B3A458A809973 /* Pods_SnapshotTests.framework in Frameworks */,
			);
			runOnlyForDeploymentPostprocessing = 0;
		};
		432501DA20641168009317A4 /* Frameworks */ = {
			isa = PBXFrameworksBuildPhase;
			buildActionMask = 2147483647;
			files = (
			);
			runOnlyForDeploymentPostprocessing = 0;
		};
/* End PBXFrameworksBuildPhase section */

/* Begin PBXGroup section */
		4279709E586252C1B87AF5DE /* Pods */ = {
			isa = PBXGroup;
			children = (
				32263741BFE5D1A88336287C /* Pods-SnapshotTests.debug.xcconfig */,
				7CB93F3522C80CA324F244CD /* Pods-SnapshotTests.release.xcconfig */,
				3399BF82EB765498A08CA5CE /* Pods-UITestingExample.debug.xcconfig */,
				17A8A2BEE0279B0913930C32 /* Pods-UITestingExample.release.xcconfig */,
			);
			name = Pods;
			sourceTree = "<group>";
		};
		432501B520641168009317A4 = {
			isa = PBXGroup;
			children = (
				432501C020641168009317A4 /* UITestingExample */,
				432501D520641168009317A4 /* Tests */,
				432501BF20641168009317A4 /* Products */,
				4279709E586252C1B87AF5DE /* Pods */,
				67AE5CF51F4C14C600AE4ABB /* Frameworks */,
			);
			sourceTree = "<group>";
		};
		432501BF20641168009317A4 /* Products */ = {
			isa = PBXGroup;
			children = (
				432501BE20641168009317A4 /* UITestingExample.app */,
				432501D220641168009317A4 /* SnapshotTests.xctest */,
				432501DD20641168009317A4 /* UITesting.xctest */,
			);
			name = Products;
			sourceTree = "<group>";
		};
		432501C020641168009317A4 /* UITestingExample */ = {
			isa = PBXGroup;
			children = (
				432501C120641168009317A4 /* AppDelegate.swift */,
				432501C320641168009317A4 /* ViewController.swift */,
				432501C520641168009317A4 /* Main.storyboard */,
				432501C820641168009317A4 /* Assets.xcassets */,
				432501CA20641168009317A4 /* LaunchScreen.storyboard */,
				432501CD20641168009317A4 /* Info.plist */,
			);
			path = UITestingExample;
			sourceTree = "<group>";
		};
		432501D520641168009317A4 /* Tests */ = {
			isa = PBXGroup;
			children = (
				432501D620641168009317A4 /* SnapshotTests.swift */,
				432501E120641168009317A4 /* UITests.swift */,
			);
			path = Tests;
			sourceTree = "<group>";
		};
		67AE5CF51F4C14C600AE4ABB /* Frameworks */ = {
			isa = PBXGroup;
			children = (
				1587A1EAA74F85BD68FAC41E /* Pods_SnapshotTests.framework */,
				6D3116EA892C8551618526AC /* Pods_UITestingExample.framework */,
			);
			name = Frameworks;
			sourceTree = "<group>";
		};
/* End PBXGroup section */

/* Begin PBXNativeTarget section */
		432501BD20641168009317A4 /* UITestingExample */ = {
			isa = PBXNativeTarget;
			buildConfigurationList = 432501E620641168009317A4 /* Build configuration list for PBXNativeTarget "UITestingExample" */;
			buildPhases = (
				76D9C90F3585530D709D1580 /* [CP] Check Pods Manifest.lock */,
				432501BA20641168009317A4 /* Sources */,
				432501BB20641168009317A4 /* Frameworks */,
				432501BC20641168009317A4 /* Resources */,
				5AA55860997FC77456287DAF /* [CP] Embed Pods Frameworks */,
				B21B5C04D6037D71D675950E /* [CP] Copy Pods Resources */,
			);
			buildRules = (
			);
			dependencies = (
			);
			name = UITestingExample;
			productName = UITestingExample;
			productReference = 432501BE20641168009317A4 /* UITestingExample.app */;
			productType = "com.apple.product-type.application";
		};
		432501D120641168009317A4 /* SnapshotTests */ = {
			isa = PBXNativeTarget;
			buildConfigurationList = 432501E920641168009317A4 /* Build configuration list for PBXNativeTarget "SnapshotTests" */;
			buildPhases = (
				14DE3B8801230758AAACE69C /* [CP] Check Pods Manifest.lock */,
				432501CE20641168009317A4 /* Sources */,
				432501CF20641168009317A4 /* Frameworks */,
				432501D020641168009317A4 /* Resources */,
				C7F0BCF79690DDF66120E7A1 /* [CP] Embed Pods Frameworks */,
				888DAD6F8279E8E6297AF41B /* [CP] Copy Pods Resources */,
			);
			buildRules = (
			);
			dependencies = (
				432501D420641168009317A4 /* PBXTargetDependency */,
			);
			name = SnapshotTests;
			productName = UITestingExampleTests;
			productReference = 432501D220641168009317A4 /* SnapshotTests.xctest */;
			productType = "com.apple.product-type.bundle.unit-test";
		};
		432501DC20641168009317A4 /* UITesting */ = {
			isa = PBXNativeTarget;
			buildConfigurationList = 432501EC20641168009317A4 /* Build configuration list for PBXNativeTarget "UITesting" */;
			buildPhases = (
				432501D920641168009317A4 /* Sources */,
				432501DA20641168009317A4 /* Frameworks */,
				432501DB20641168009317A4 /* Resources */,
			);
			buildRules = (
			);
			dependencies = (
				432501DF20641168009317A4 /* PBXTargetDependency */,
			);
			name = UITesting;
			productName = UITestingExampleUITests;
			productReference = 432501DD20641168009317A4 /* UITesting.xctest */;
			productType = "com.apple.product-type.bundle.ui-testing";
		};
/* End PBXNativeTarget section */

/* Begin PBXProject section */
		432501B620641168009317A4 /* Project object */ = {
			isa = PBXProject;
			attributes = {
				LastSwiftUpdateCheck = 0920;
				LastUpgradeCheck = 0920;
				TargetAttributes = {
					432501BD20641168009317A4 = {
						CreatedOnToolsVersion = 9.2;
						ProvisioningStyle = Automatic;
					};
					432501D120641168009317A4 = {
						CreatedOnToolsVersion = 9.2;
						ProvisioningStyle = Automatic;
						TestTargetID = 432501BD20641168009317A4;
					};
					432501DC20641168009317A4 = {
						CreatedOnToolsVersion = 9.2;
						ProvisioningStyle = Automatic;
						TestTargetID = 432501BD20641168009317A4;
					};
				};
			};
			buildConfigurationList = 432501B920641168009317A4 /* Build configuration list for PBXProject "UITestingExample" */;
			compatibilityVersion = "Xcode 8.0";
			developmentRegion = en;
			hasScannedForEncodings = 0;
			knownRegions = (
				en,
				Base,
			);
			mainGroup = 432501B520641168009317A4;
			productRefGroup = 432501BF20641168009317A4 /* Products */;
			projectDirPath = "";
			projectRoot = "";
			targets = (
				432501BD20641168009317A4 /* UITestingExample */,
				432501D120641168009317A4 /* SnapshotTests */,
				432501DC20641168009317A4 /* UITesting */,
			);
		};
/* End PBXProject section */

/* Begin PBXResourcesBuildPhase section */
		432501BC20641168009317A4 /* Resources */ = {
			isa = PBXResourcesBuildPhase;
			buildActionMask = 2147483647;
			files = (
				432501CC20641168009317A4 /* LaunchScreen.storyboard in Resources */,
				432501C920641168009317A4 /* Assets.xcassets in Resources */,
				432501C720641168009317A4 /* Main.storyboard in Resources */,
			);
			runOnlyForDeploymentPostprocessing = 0;
		};
		432501D020641168009317A4 /* Resources */ = {
			isa = PBXResourcesBuildPhase;
			buildActionMask = 2147483647;
			files = (
			);
			runOnlyForDeploymentPostprocessing = 0;
		};
		432501DB20641168009317A4 /* Resources */ = {
			isa = PBXResourcesBuildPhase;
			buildActionMask = 2147483647;
			files = (
			);
			runOnlyForDeploymentPostprocessing = 0;
		};
/* End PBXResourcesBuildPhase section */

/* Begin PBXShellScriptBuildPhase section */
		14DE3B8801230758AAACE69C /* [CP] Check Pods Manifest.lock */ = {
			isa = PBXShellScriptBuildPhase;
			buildActionMask = 2147483647;
			files = (
			);
			inputPaths = (
				"${PODS_PODFILE_DIR_PATH}/Podfile.lock",
				"${PODS_ROOT}/Manifest.lock",
			);
			name = "[CP] Check Pods Manifest.lock";
			outputPaths = (
				"$(DERIVED_FILE_DIR)/Pods-SnapshotTests-checkManifestLockResult.txt",
			);
			runOnlyForDeploymentPostprocessing = 0;
			shellPath = /bin/sh;
			shellScript = "diff \"${PODS_PODFILE_DIR_PATH}/Podfile.lock\" \"${PODS_ROOT}/Manifest.lock\" > /dev/null\nif [ $? != 0 ] ; then\n    # print error to STDERR\n    echo \"error: The sandbox is not in sync with the Podfile.lock. Run 'pod install' or update your CocoaPods installation.\" >&2\n    exit 1\nfi\n# This output is used by Xcode 'outputs' to avoid re-running this script phase.\necho \"SUCCESS\" > \"${SCRIPT_OUTPUT_FILE_0}\"\n";
			showEnvVarsInLog = 0;
		};
		5AA55860997FC77456287DAF /* [CP] Embed Pods Frameworks */ = {
			isa = PBXShellScriptBuildPhase;
			buildActionMask = 2147483647;
			files = (
			);
			inputPaths = (
			);
			name = "[CP] Embed Pods Frameworks";
			outputPaths = (
			);
			runOnlyForDeploymentPostprocessing = 0;
			shellPath = /bin/sh;
			shellScript = "\"${SRCROOT}/Pods/Target Support Files/Pods-UITestingExample/Pods-UITestingExample-frameworks.sh\"\n";
			showEnvVarsInLog = 0;
		};
		76D9C90F3585530D709D1580 /* [CP] Check Pods Manifest.lock */ = {
			isa = PBXShellScriptBuildPhase;
			buildActionMask = 2147483647;
			files = (
			);
			inputPaths = (
				"${PODS_PODFILE_DIR_PATH}/Podfile.lock",
				"${PODS_ROOT}/Manifest.lock",
			);
			name = "[CP] Check Pods Manifest.lock";
			outputPaths = (
				"$(DERIVED_FILE_DIR)/Pods-UITestingExample-checkManifestLockResult.txt",
			);
			runOnlyForDeploymentPostprocessing = 0;
			shellPath = /bin/sh;
			shellScript = "diff \"${PODS_PODFILE_DIR_PATH}/Podfile.lock\" \"${PODS_ROOT}/Manifest.lock\" > /dev/null\nif [ $? != 0 ] ; then\n    # print error to STDERR\n    echo \"error: The sandbox is not in sync with the Podfile.lock. Run 'pod install' or update your CocoaPods installation.\" >&2\n    exit 1\nfi\n# This output is used by Xcode 'outputs' to avoid re-running this script phase.\necho \"SUCCESS\" > \"${SCRIPT_OUTPUT_FILE_0}\"\n";
			showEnvVarsInLog = 0;
		};
		888DAD6F8279E8E6297AF41B /* [CP] Copy Pods Resources */ = {
			isa = PBXShellScriptBuildPhase;
			buildActionMask = 2147483647;
			files = (
			);
			inputPaths = (
			);
			name = "[CP] Copy Pods Resources";
			outputPaths = (
			);
			runOnlyForDeploymentPostprocessing = 0;
			shellPath = /bin/sh;
			shellScript = "\"${SRCROOT}/Pods/Target Support Files/Pods-SnapshotTests/Pods-SnapshotTests-resources.sh\"\n";
			showEnvVarsInLog = 0;
		};
		B21B5C04D6037D71D675950E /* [CP] Copy Pods Resources */ = {
			isa = PBXShellScriptBuildPhase;
			buildActionMask = 2147483647;
			files = (
			);
			inputPaths = (
			);
			name = "[CP] Copy Pods Resources";
			outputPaths = (
			);
			runOnlyForDeploymentPostprocessing = 0;
			shellPath = /bin/sh;
			shellScript = "\"${SRCROOT}/Pods/Target Support Files/Pods-UITestingExample/Pods-UITestingExample-resources.sh\"\n";
			showEnvVarsInLog = 0;
		};
		C7F0BCF79690DDF66120E7A1 /* [CP] Embed Pods Frameworks */ = {
			isa = PBXShellScriptBuildPhase;
			buildActionMask = 2147483647;
			files = (
			);
			inputPaths = (
				"${SRCROOT}/Pods/Target Support Files/Pods-SnapshotTests/Pods-SnapshotTests-frameworks.sh",
				"${BUILT_PRODUCTS_DIR}/iOSSnapshotTestCase/FBSnapshotTestCase.framework",
			);
			name = "[CP] Embed Pods Frameworks";
			outputPaths = (
				"${TARGET_BUILD_DIR}/${FRAMEWORKS_FOLDER_PATH}/FBSnapshotTestCase.framework",
			);
			runOnlyForDeploymentPostprocessing = 0;
			shellPath = /bin/sh;
			shellScript = "\"${SRCROOT}/Pods/Target Support Files/Pods-SnapshotTests/Pods-SnapshotTests-frameworks.sh\"\n";
			showEnvVarsInLog = 0;
		};
/* End PBXShellScriptBuildPhase section */

/* Begin PBXSourcesBuildPhase section */
		432501BA20641168009317A4 /* Sources */ = {
			isa = PBXSourcesBuildPhase;
			buildActionMask = 2147483647;
			files = (
				432501C420641168009317A4 /* ViewController.swift in Sources */,
				432501C220641168009317A4 /* AppDelegate.swift in Sources */,
			);
			runOnlyForDeploymentPostprocessing = 0;
		};
		432501CE20641168009317A4 /* Sources */ = {
			isa = PBXSourcesBuildPhase;
			buildActionMask = 2147483647;
			files = (
				432501D720641168009317A4 /* SnapshotTests.swift in Sources */,
			);
			runOnlyForDeploymentPostprocessing = 0;
		};
		432501D920641168009317A4 /* Sources */ = {
			isa = PBXSourcesBuildPhase;
			buildActionMask = 2147483647;
			files = (
				432501F2206412F1009317A4 /* UITests.swift in Sources */,
			);
			runOnlyForDeploymentPostprocessing = 0;
		};
/* End PBXSourcesBuildPhase section */

/* Begin PBXTargetDependency section */
		432501D420641168009317A4 /* PBXTargetDependency */ = {
			isa = PBXTargetDependency;
			target = 432501BD20641168009317A4 /* UITestingExample */;
			targetProxy = 432501D320641168009317A4 /* PBXContainerItemProxy */;
		};
		432501DF20641168009317A4 /* PBXTargetDependency */ = {
			isa = PBXTargetDependency;
			target = 432501BD20641168009317A4 /* UITestingExample */;
			targetProxy = 432501DE20641168009317A4 /* PBXContainerItemProxy */;
		};
/* End PBXTargetDependency section */

/* Begin PBXVariantGroup section */
		432501C520641168009317A4 /* Main.storyboard */ = {
			isa = PBXVariantGroup;
			children = (
				432501C620641168009317A4 /* Base */,
			);
			name = Main.storyboard;
			sourceTree = "<group>";
		};
		432501CA20641168009317A4 /* LaunchScreen.storyboard */ = {
			isa = PBXVariantGroup;
			children = (
				432501CB20641168009317A4 /* Base */,
			);
			name = LaunchScreen.storyboard;
			sourceTree = "<group>";
		};
/* End PBXVariantGroup section */

/* Begin XCBuildConfiguration section */
		432501E420641168009317A4 /* Debug */ = {
			isa = XCBuildConfiguration;
			buildSettings = {
				ALWAYS_SEARCH_USER_PATHS = NO;
				CLANG_ANALYZER_NONNULL = YES;
				CLANG_ANALYZER_NUMBER_OBJECT_CONVERSION = YES_AGGRESSIVE;
				CLANG_CXX_LANGUAGE_STANDARD = "gnu++14";
				CLANG_CXX_LIBRARY = "libc++";
				CLANG_ENABLE_MODULES = YES;
				CLANG_ENABLE_OBJC_ARC = YES;
				CLANG_WARN_BLOCK_CAPTURE_AUTORELEASING = YES;
				CLANG_WARN_BOOL_CONVERSION = YES;
				CLANG_WARN_COMMA = YES;
				CLANG_WARN_CONSTANT_CONVERSION = YES;
				CLANG_WARN_DIRECT_OBJC_ISA_USAGE = YES_ERROR;
				CLANG_WARN_DOCUMENTATION_COMMENTS = YES;
				CLANG_WARN_EMPTY_BODY = YES;
				CLANG_WARN_ENUM_CONVERSION = YES;
				CLANG_WARN_INFINITE_RECURSION = YES;
				CLANG_WARN_INT_CONVERSION = YES;
				CLANG_WARN_NON_LITERAL_NULL_CONVERSION = YES;
				CLANG_WARN_OBJC_LITERAL_CONVERSION = YES;
				CLANG_WARN_OBJC_ROOT_CLASS = YES_ERROR;
				CLANG_WARN_RANGE_LOOP_ANALYSIS = YES;
				CLANG_WARN_STRICT_PROTOTYPES = YES;
				CLANG_WARN_SUSPICIOUS_MOVE = YES;
				CLANG_WARN_UNGUARDED_AVAILABILITY = YES_AGGRESSIVE;
				CLANG_WARN_UNREACHABLE_CODE = YES;
				CLANG_WARN__DUPLICATE_METHOD_MATCH = YES;
				CODE_SIGN_IDENTITY = "iPhone Developer";
				COPY_PHASE_STRIP = NO;
				DEBUG_INFORMATION_FORMAT = dwarf;
				ENABLE_STRICT_OBJC_MSGSEND = YES;
				ENABLE_TESTABILITY = YES;
				GCC_C_LANGUAGE_STANDARD = gnu11;
				GCC_DYNAMIC_NO_PIC = NO;
				GCC_NO_COMMON_BLOCKS = YES;
				GCC_OPTIMIZATION_LEVEL = 0;
				GCC_PREPROCESSOR_DEFINITIONS = (
					"DEBUG=1",
					"$(inherited)",
				);
				GCC_WARN_64_TO_32_BIT_CONVERSION = YES;
				GCC_WARN_ABOUT_RETURN_TYPE = YES_ERROR;
				GCC_WARN_UNDECLARED_SELECTOR = YES;
				GCC_WARN_UNINITIALIZED_AUTOS = YES_AGGRESSIVE;
				GCC_WARN_UNUSED_FUNCTION = YES;
				GCC_WARN_UNUSED_VARIABLE = YES;
				IPHONEOS_DEPLOYMENT_TARGET = 11.2;
				MTL_ENABLE_DEBUG_INFO = YES;
				ONLY_ACTIVE_ARCH = YES;
				SDKROOT = iphoneos;
				SWIFT_ACTIVE_COMPILATION_CONDITIONS = DEBUG;
				SWIFT_OPTIMIZATION_LEVEL = "-Onone";
			};
			name = Debug;
		};
		432501E520641168009317A4 /* Release */ = {
			isa = XCBuildConfiguration;
			buildSettings = {
				ALWAYS_SEARCH_USER_PATHS = NO;
				CLANG_ANALYZER_NONNULL = YES;
				CLANG_ANALYZER_NUMBER_OBJECT_CONVERSION = YES_AGGRESSIVE;
				CLANG_CXX_LANGUAGE_STANDARD = "gnu++14";
				CLANG_CXX_LIBRARY = "libc++";
				CLANG_ENABLE_MODULES = YES;
				CLANG_ENABLE_OBJC_ARC = YES;
				CLANG_WARN_BLOCK_CAPTURE_AUTORELEASING = YES;
				CLANG_WARN_BOOL_CONVERSION = YES;
				CLANG_WARN_COMMA = YES;
				CLANG_WARN_CONSTANT_CONVERSION = YES;
				CLANG_WARN_DIRECT_OBJC_ISA_USAGE = YES_ERROR;
				CLANG_WARN_DOCUMENTATION_COMMENTS = YES;
				CLANG_WARN_EMPTY_BODY = YES;
				CLANG_WARN_ENUM_CONVERSION = YES;
				CLANG_WARN_INFINITE_RECURSION = YES;
				CLANG_WARN_INT_CONVERSION = YES;
				CLANG_WARN_NON_LITERAL_NULL_CONVERSION = YES;
				CLANG_WARN_OBJC_LITERAL_CONVERSION = YES;
				CLANG_WARN_OBJC_ROOT_CLASS = YES_ERROR;
				CLANG_WARN_RANGE_LOOP_ANALYSIS = YES;
				CLANG_WARN_STRICT_PROTOTYPES = YES;
				CLANG_WARN_SUSPICIOUS_MOVE = YES;
				CLANG_WARN_UNGUARDED_AVAILABILITY = YES_AGGRESSIVE;
				CLANG_WARN_UNREACHABLE_CODE = YES;
				CLANG_WARN__DUPLICATE_METHOD_MATCH = YES;
				CODE_SIGN_IDENTITY = "iPhone Developer";
				COPY_PHASE_STRIP = NO;
				DEBUG_INFORMATION_FORMAT = "dwarf-with-dsym";
				ENABLE_NS_ASSERTIONS = NO;
				ENABLE_STRICT_OBJC_MSGSEND = YES;
				GCC_C_LANGUAGE_STANDARD = gnu11;
				GCC_NO_COMMON_BLOCKS = YES;
				GCC_WARN_64_TO_32_BIT_CONVERSION = YES;
				GCC_WARN_ABOUT_RETURN_TYPE = YES_ERROR;
				GCC_WARN_UNDECLARED_SELECTOR = YES;
				GCC_WARN_UNINITIALIZED_AUTOS = YES_AGGRESSIVE;
				GCC_WARN_UNUSED_FUNCTION = YES;
				GCC_WARN_UNUSED_VARIABLE = YES;
				IPHONEOS_DEPLOYMENT_TARGET = 11.2;
				MTL_ENABLE_DEBUG_INFO = NO;
				SDKROOT = iphoneos;
				SWIFT_OPTIMIZATION_LEVEL = "-Owholemodule";
				VALIDATE_PRODUCT = YES;
			};
			name = Release;
		};
		432501E720641168009317A4 /* Debug */ = {
			isa = XCBuildConfiguration;
			baseConfigurationReference = 3399BF82EB765498A08CA5CE /* Pods-UITestingExample.debug.xcconfig */;
			buildSettings = {
				ASSETCATALOG_COMPILER_APPICON_NAME = AppIcon;
				CODE_SIGN_STYLE = Automatic;
				INFOPLIST_FILE = UITestingExample/Info.plist;
				LD_RUNPATH_SEARCH_PATHS = "$(inherited) @executable_path/Frameworks";
				PRODUCT_BUNDLE_IDENTIFIER = net.jingx.UITestingExample;
				PRODUCT_NAME = "$(TARGET_NAME)";
				SWIFT_VERSION = 4.0;
				TARGETED_DEVICE_FAMILY = "1,2";
			};
			name = Debug;
		};
		432501E820641168009317A4 /* Release */ = {
			isa = XCBuildConfiguration;
			baseConfigurationReference = 17A8A2BEE0279B0913930C32 /* Pods-UITestingExample.release.xcconfig */;
			buildSettings = {
				ASSETCATALOG_COMPILER_APPICON_NAME = AppIcon;
				CODE_SIGN_STYLE = Automatic;
				INFOPLIST_FILE = UITestingExample/Info.plist;
				LD_RUNPATH_SEARCH_PATHS = "$(inherited) @executable_path/Frameworks";
				PRODUCT_BUNDLE_IDENTIFIER = net.jingx.UITestingExample;
				PRODUCT_NAME = "$(TARGET_NAME)";
				SWIFT_VERSION = 4.0;
				TARGETED_DEVICE_FAMILY = "1,2";
			};
			name = Release;
		};
		432501EA20641168009317A4 /* Debug */ = {
			isa = XCBuildConfiguration;
			baseConfigurationReference = 32263741BFE5D1A88336287C /* Pods-SnapshotTests.debug.xcconfig */;
			buildSettings = {
				BUNDLE_LOADER = "$(TEST_HOST)";
				CODE_SIGN_STYLE = Automatic;
				INFOPLIST_FILE = UITestingExample/Info.plist;
				LD_RUNPATH_SEARCH_PATHS = "$(inherited) @executable_path/Frameworks @loader_path/Frameworks";
				PRODUCT_BUNDLE_IDENTIFIER = net.jingx.UITestingExampleTests;
				PRODUCT_NAME = "$(TARGET_NAME)";
				SWIFT_VERSION = 4.0;
				TARGETED_DEVICE_FAMILY = "1,2";
				TEST_HOST = "$(BUILT_PRODUCTS_DIR)/UITestingExample.app/UITestingExample";
			};
			name = Debug;
		};
		432501EB20641168009317A4 /* Release */ = {
			isa = XCBuildConfiguration;
			baseConfigurationReference = 7CB93F3522C80CA324F244CD /* Pods-SnapshotTests.release.xcconfig */;
			buildSettings = {
				BUNDLE_LOADER = "$(TEST_HOST)";
				CODE_SIGN_STYLE = Automatic;
				INFOPLIST_FILE = UITestingExample/Info.plist;
				LD_RUNPATH_SEARCH_PATHS = "$(inherited) @executable_path/Frameworks @loader_path/Frameworks";
				PRODUCT_BUNDLE_IDENTIFIER = net.jingx.UITestingExampleTests;
				PRODUCT_NAME = "$(TARGET_NAME)";
				SWIFT_VERSION = 4.0;
				TARGETED_DEVICE_FAMILY = "1,2";
				TEST_HOST = "$(BUILT_PRODUCTS_DIR)/UITestingExample.app/UITestingExample";
			};
			name = Release;
		};
		432501ED20641168009317A4 /* Debug */ = {
			isa = XCBuildConfiguration;
			buildSettings = {
				CODE_SIGN_STYLE = Automatic;
				DEVELOPMENT_TEAM = V3GN592B49;
				INFOPLIST_FILE = UITestingExample/Info.plist;
				LD_RUNPATH_SEARCH_PATHS = "$(inherited) @executable_path/Frameworks @loader_path/Frameworks";
				PRODUCT_BUNDLE_IDENTIFIER = net.jingx.UITestingExampleUITests;
				PRODUCT_NAME = "$(TARGET_NAME)";
				SWIFT_VERSION = 4.0;
				TARGETED_DEVICE_FAMILY = "1,2";
				TEST_TARGET_NAME = UITestingExample;
			};
			name = Debug;
		};
		432501EE20641168009317A4 /* Release */ = {
			isa = XCBuildConfiguration;
			buildSettings = {
				CODE_SIGN_STYLE = Automatic;
				DEVELOPMENT_TEAM = V3GN592B49;
				INFOPLIST_FILE = UITestingExample/Info.plist;
				LD_RUNPATH_SEARCH_PATHS = "$(inherited) @executable_path/Frameworks @loader_path/Frameworks";
				PRODUCT_BUNDLE_IDENTIFIER = net.jingx.UITestingExampleUITests;
				PRODUCT_NAME = "$(TARGET_NAME)";
				SWIFT_VERSION = 4.0;
				TARGETED_DEVICE_FAMILY = "1,2";
				TEST_TARGET_NAME = UITestingExample;
			};
			name = Release;
		};
/* End XCBuildConfiguration section */

/* Begin XCConfigurationList section */
		432501B920641168009317A4 /* Build configuration list for PBXProject "UITestingExample" */ = {
			isa = XCConfigurationList;
			buildConfigurations = (
				432501E420641168009317A4 /* Debug */,
				432501E520641168009317A4 /* Release */,
			);
			defaultConfigurationIsVisible = 0;
			defaultConfigurationName = Release;
		};
		432501E620641168009317A4 /* Build configuration list for PBXNativeTarget "UITestingExample" */ = {
			isa = XCConfigurationList;
			buildConfigurations = (
				432501E720641168009317A4 /* Debug */,
				432501E820641168009317A4 /* Release */,
			);
			defaultConfigurationIsVisible = 0;
			defaultConfigurationName = Release;
		};
		432501E920641168009317A4 /* Build configuration list for PBXNativeTarget "SnapshotTests" */ = {
			isa = XCConfigurationList;
			buildConfigurations = (
				432501EA20641168009317A4 /* Debug */,
				432501EB20641168009317A4 /* Release */,
			);
			defaultConfigurationIsVisible = 0;
			defaultConfigurationName = Release;
		};
		432501EC20641168009317A4 /* Build configuration list for PBXNativeTarget "UITesting" */ = {
			isa = XCConfigurationList;
			buildConfigurations = (
				432501ED20641168009317A4 /* Debug */,
				432501EE20641168009317A4 /* Release */,
			);
			defaultConfigurationIsVisible = 0;
			defaultConfigurationName = Release;
		};
/* End XCConfigurationList section */
	};
	rootObject = 432501B620641168009317A4 /* Project object */;
}
